
Microsoft Visual Studio Solution File, Format Version 12.00
# Visual Studio Version 17
VisualStudioVersion = 17.10.34928.147
MinimumVisualStudioVersion = 10.0.40219.1
Project("{FAE04EC0-301F-11D3-BF4B-00C04F79EFBC}") = "CareWithLoveApp", "CareWithLoveApp.csproj", "{F3211527-9A1E-4124-A5E9-99F937A1110B}"
EndProject
Global
	GlobalSection(SolutionConfigurationPlatforms) = preSolution
		Debug|Any CPU = Debug|Any CPU
		Release|Any CPU = Release|Any CPU
	EndGlobalSection
	GlobalSection(ProjectConfigurationPlatforms) = postSolution
		{F3211527-9A1E-4124-A5E9-99F937A1110B}.Debug|Any CPU.ActiveCfg = Debug|Any CPU
		{F3211527-9A1E-4124-A5E9-99F937A1110B}.Debug|Any CPU.Build.0 = Debug|Any CPU
		{F3211527-9A1E-4124-A5E9-99F937A1110B}.Release|Any CPU.ActiveCfg = Release|Any CPU
		{F3211527-9A1E-4124-A5E9-99F937A1110B}.Release|Any CPU.Build.0 = Release|Any CPU
	EndGlobalSection
	GlobalSection(SolutionProperties) = preSolution
		HideSolutionNode = FALSE
	EndGlobalSection
	GlobalSection(ExtensibilityGlobals) = postSolution
		SolutionGuid = {38AB6756-743C-4244-8C4C-5BFCE3538FAF}
	EndGlobalSection
EndGlobal
